schema: '2.0'
stages:
  evaluation:
    cmd: python src/model/evaluation.py
    deps:
    - path: data/processed/test_trans.csv
      hash: md5
      md5: 6a7f129b63c05b9922c237e6ae702b26
      size: 1358276
    - path: data/processed/train_trans.csv
      hash: md5
      md5: 607d3fb5ca7957bc02695329fe4322bd
      size: 4060457
    - path: models/model.joblib
      hash: md5
      md5: b15f16990772edc4a7d9eb683d3af71c
      size: 7531336
    - path: src/model/evaluation.py
      hash: md5
      md5: 0ab18cd61cebef893d243c537a90ebb6
      size: 7014
    outs:
    - path: run_information.json
      hash: md5
      md5: 6e80b827e838efcf1b9880af4f192ae0
      size: 220
